
Microsoft Visual Studio Solution File, Format Version 12.00
# Visual Studio 2013
VisualStudioVersion = 12.0.30501.0
MinimumVisualStudioVersion = 10.0.40219.1
Project("{FAE04EC0-301F-11D3-BF4B-00C04F79EFBC}") = "NorthWind", "NorthWind\NorthWind.csproj", "{43B4736B-CB5C-41F4-B9C7-28904CFC6D25}"
EndProject
Project("{FAE04EC0-301F-11D3-BF4B-00C04F79EFBC}") = "NorthWind.Client", "NorthWind.Client\NorthWind.Client.csproj", "{7494897C-4510-49A1-BACE-CCCCFE371F6B}"
EndProject
Global
	GlobalSection(SolutionConfigurationPlatforms) = preSolution
		Debug|Any CPU = Debug|Any CPU
		Release|Any CPU = Release|Any CPU
	EndGlobalSection
	GlobalSection(ProjectConfigurationPlatforms) = postSolution
		{43B4736B-CB5C-41F4-B9C7-28904CFC6D25}.Debug|Any CPU.ActiveCfg = Debug|Any CPU
		{43B4736B-CB5C-41F4-B9C7-28904CFC6D25}.Debug|Any CPU.Build.0 = Debug|Any CPU
		{43B4736B-CB5C-41F4-B9C7-28904CFC6D25}.Release|Any CPU.ActiveCfg = Release|Any CPU
		{43B4736B-CB5C-41F4-B9C7-28904CFC6D25}.Release|Any CPU.Build.0 = Release|Any CPU
		{7494897C-4510-49A1-BACE-CCCCFE371F6B}.Debug|Any CPU.ActiveCfg = Debug|Any CPU
		{7494897C-4510-49A1-BACE-CCCCFE371F6B}.Debug|Any CPU.Build.0 = Debug|Any CPU
		{7494897C-4510-49A1-BACE-CCCCFE371F6B}.Release|Any CPU.ActiveCfg = Release|Any CPU
		{7494897C-4510-49A1-BACE-CCCCFE371F6B}.Release|Any CPU.Build.0 = Release|Any CPU
	EndGlobalSection
	GlobalSection(SolutionProperties) = preSolution
		HideSolutionNode = FALSE
	EndGlobalSection
EndGlobal
